
Microsoft Visual Studio Solution File, Format Version 12.00
# Visual Studio 15
VisualStudioVersion = 15.0.28307.1000
MinimumVisualStudioVersion = 10.0.40219.1
Project("{FAE04EC0-301F-11D3-BF4B-00C04F79EFBC}") = "VisualMusic", "VisualMusic\VisualMusic.csproj", "{D3E2B34E-127D-48B1-AD95-E1503BB9200A}"
EndProject
Global
	GlobalSection(SolutionConfigurationPlatforms) = preSolution
		Debug|Any CPU = Debug|Any CPU
		Release|Any CPU = Release|Any CPU
	EndGlobalSection
	GlobalSection(ProjectConfigurationPlatforms) = postSolution
		{D3E2B34E-127D-48B1-AD95-E1503BB9200A}.Debug|Any CPU.ActiveCfg = Debug|Any CPU
		{D3E2B34E-127D-48B1-AD95-E1503BB9200A}.Debug|Any CPU.Build.0 = Debug|Any CPU
		{D3E2B34E-127D-48B1-AD95-E1503BB9200A}.Release|Any CPU.ActiveCfg = Release|Any CPU
		{D3E2B34E-127D-48B1-AD95-E1503BB9200A}.Release|Any CPU.Build.0 = Release|Any CPU
	EndGlobalSection
	GlobalSection(SolutionProperties) = preSolution
		HideSolutionNode = FALSE
	EndGlobalSection
	GlobalSection(ExtensibilityGlobals) = postSolution
		SolutionGuid = {11C670A2-60F2-4982-BAF4-97B2814F6C7C}
	EndGlobalSection
EndGlobal
